// !$*UTF8*$!
{
	archiveVersion = 1;
	classes = {
	};
	objectVersion = 50;
	objects = {

/* Begin PBXBuildFile section */
		1800C8D42193C61200BE275F /* MFChatMessage.framework in Frameworks */ = {isa = PBXBuildFile; fileRef = 1800C8CA2193C61200BE275F /* MFChatMessage.framework */; };
		1800C8D92193C61200BE275F /* MFChatMessageTests.swift in Sources */ = {isa = PBXBuildFile; fileRef = 1800C8D82193C61200BE275F /* MFChatMessageTests.swift */; };
		1800C8DB2193C61200BE275F /* MFChatMessage.h in Headers */ = {isa = PBXBuildFile; fileRef = 1800C8CD2193C61200BE275F /* MFChatMessage.h */; settings = {ATTRIBUTES = (Public, ); }; };
		C7E69B350193F514E2B1C41F /* Pods_MFChatMessageTests.framework in Frameworks */ = {isa = PBXBuildFile; fileRef = 409CBE29A9DC99662B2FD408 /* Pods_MFChatMessageTests.framework */; };
		EBA48D9B1D9E213C69937E04 /* Pods_MFChatMessage.framework in Frameworks */ = {isa = PBXBuildFile; fileRef = AA2B95E593F52EE62703EA3E /* Pods_MFChatMessage.framework */; };
/* End PBXBuildFile section */

/* Begin PBXContainerItemProxy section */
		1800C8D52193C61200BE275F /* PBXContainerItemProxy */ = {
			isa = PBXContainerItemProxy;
			containerPortal = 1800C8C12193C61200BE275F /* Project object */;
			proxyType = 1;
			remoteGlobalIDString = 1800C8C92193C61200BE275F;
			remoteInfo = MFChatMessage;
		};
/* End PBXContainerItemProxy section */

/* Begin PBXFileReference section */
		1800C8CA2193C61200BE275F /* MFChatMessage.framework */ = {isa = PBXFileReference; explicitFileType = wrapper.framework; includeInIndex = 0; path = MFChatMessage.framework; sourceTree = BUILT_PRODUCTS_DIR; };
		1800C8CD2193C61200BE275F /* MFChatMessage.h */ = {isa = PBXFileReference; lastKnownFileType = sourcecode.c.h; path = MFChatMessage.h; sourceTree = "<group>"; };
		1800C8CE2193C61200BE275F /* Info.plist */ = {isa = PBXFileReference; lastKnownFileType = text.plist.xml; path = Info.plist; sourceTree = "<group>"; };
		1800C8D32193C61200BE275F /* MFChatMessageTests.xctest */ = {isa = PBXFileReference; explicitFileType = wrapper.cfbundle; includeInIndex = 0; path = MFChatMessageTests.xctest; sourceTree = BUILT_PRODUCTS_DIR; };
		1800C8D82193C61200BE275F /* MFChatMessageTests.swift */ = {isa = PBXFileReference; lastKnownFileType = sourcecode.swift; path = MFChatMessageTests.swift; sourceTree = "<group>"; };
		1800C8DA2193C61200BE275F /* Info.plist */ = {isa = PBXFileReference; lastKnownFileType = text.plist.xml; path = Info.plist; sourceTree = "<group>"; };
		409CBE29A9DC99662B2FD408 /* Pods_MFChatMessageTests.framework */ = {isa = PBXFileReference; explicitFileType = wrapper.framework; includeInIndex = 0; path = Pods_MFChatMessageTests.framework; sourceTree = BUILT_PRODUCTS_DIR; };
		466D2650958D91837EA894ED /* Pods-MFChatMessage.debug.xcconfig */ = {isa = PBXFileReference; includeInIndex = 1; lastKnownFileType = text.xcconfig; name = "Pods-MFChatMessage.debug.xcconfig"; path = "Target Support Files/Pods-MFChatMessage/Pods-MFChatMessage.debug.xcconfig"; sourceTree = "<group>"; };
		491562FA494C299F0E6184E0 /* Pods-MFChatMessageTests.debug.xcconfig */ = {isa = PBXFileReference; includeInIndex = 1; lastKnownFileType = text.xcconfig; name = "Pods-MFChatMessageTests.debug.xcconfig"; path = "Target Support Files/Pods-MFChatMessageTests/Pods-MFChatMessageTests.debug.xcconfig"; sourceTree = "<group>"; };
		5DC4DB47E82DA0807D1D79F7 /* Pods-MFChatMessage.release.xcconfig */ = {isa = PBXFileReference; includeInIndex = 1; lastKnownFileType = text.xcconfig; name = "Pods-MFChatMessage.release.xcconfig"; path = "Target Support Files/Pods-MFChatMessage/Pods-MFChatMessage.release.xcconfig"; sourceTree = "<group>"; };
		AA2B95E593F52EE62703EA3E /* Pods_MFChatMessage.framework */ = {isa = PBXFileReference; explicitFileType = wrapper.framework; includeInIndex = 0; path = Pods_MFChatMessage.framework; sourceTree = BUILT_PRODUCTS_DIR; };
		C0C6EACEA06941C3711A253E /* Pods-MFChatMessageTests.release.xcconfig */ = {isa = PBXFileReference; includeInIndex = 1; lastKnownFileType = text.xcconfig; name = "Pods-MFChatMessageTests.release.xcconfig"; path = "Target Support Files/Pods-MFChatMessageTests/Pods-MFChatMessageTests.release.xcconfig"; sourceTree = "<group>"; };
/* End PBXFileReference section */

/* Begin PBXFrameworksBuildPhase section */
		1800C8C72193C61200BE275F /* Frameworks */ = {
			isa = PBXFrameworksBuildPhase;
			buildActionMask = 2147483647;
			files = (
				EBA48D9B1D9E213C69937E04 /* Pods_MFChatMessage.framework in Frameworks */,
			);
			runOnlyForDeploymentPostprocessing = 0;
		};
		1800C8D02193C61200BE275F /* Frameworks */ = {
			isa = PBXFrameworksBuildPhase;
			buildActionMask = 2147483647;
			files = (
				1800C8D42193C61200BE275F /* MFChatMessage.framework in Frameworks */,
				C7E69B350193F514E2B1C41F /* Pods_MFChatMessageTests.framework in Frameworks */,
			);
			runOnlyForDeploymentPostprocessing = 0;
		};
/* End PBXFrameworksBuildPhase section */

/* Begin PBXGroup section */
		1800C8C02193C61200BE275F = {
			isa = PBXGroup;
			children = (
				1800C8CC2193C61200BE275F /* MFChatMessage */,
				1800C8D72193C61200BE275F /* MFChatMessageTests */,
				1800C8CB2193C61200BE275F /* Products */,
				3C432316B31F29C0F6173998 /* Pods */,
				A744F75966F249A29BBC4C5D /* Frameworks */,
			);
			sourceTree = "<group>";
		};
		1800C8CB2193C61200BE275F /* Products */ = {
			isa = PBXGroup;
			children = (
				1800C8CA2193C61200BE275F /* MFChatMessage.framework */,
				1800C8D32193C61200BE275F /* MFChatMessageTests.xctest */,
			);
			name = Products;
			sourceTree = "<group>";
		};
		1800C8CC2193C61200BE275F /* MFChatMessage */ = {
			isa = PBXGroup;
			children = (
				1800C8CD2193C61200BE275F /* MFChatMessage.h */,
				1800C8CE2193C61200BE275F /* Info.plist */,
			);
			path = MFChatMessage;
			sourceTree = "<group>";
		};
		1800C8D72193C61200BE275F /* MFChatMessageTests */ = {
			isa = PBXGroup;
			children = (
				1800C8D82193C61200BE275F /* MFChatMessageTests.swift */,
				1800C8DA2193C61200BE275F /* Info.plist */,
			);
			path = MFChatMessageTests;
			sourceTree = "<group>";
		};
		3C432316B31F29C0F6173998 /* Pods */ = {
			isa = PBXGroup;
			children = (
				466D2650958D91837EA894ED /* Pods-MFChatMessage.debug.xcconfig */,
				5DC4DB47E82DA0807D1D79F7 /* Pods-MFChatMessage.release.xcconfig */,
				491562FA494C299F0E6184E0 /* Pods-MFChatMessageTests.debug.xcconfig */,
				C0C6EACEA06941C3711A253E /* Pods-MFChatMessageTests.release.xcconfig */,
			);
			name = Pods;
			path = Pods;
			sourceTree = "<group>";
		};
		A744F75966F249A29BBC4C5D /* Frameworks */ = {
			isa = PBXGroup;
			children = (
				AA2B95E593F52EE62703EA3E /* Pods_MFChatMessage.framework */,
				409CBE29A9DC99662B2FD408 /* Pods_MFChatMessageTests.framework */,
			);
			name = Frameworks;
			sourceTree = "<group>";
		};
/* End PBXGroup section */

/* Begin PBXHeadersBuildPhase section */
		1800C8C52193C61200BE275F /* Headers */ = {
			isa = PBXHeadersBuildPhase;
			buildActionMask = 2147483647;
			files = (
				1800C8DB2193C61200BE275F /* MFChatMessage.h in Headers */,
			);
			runOnlyForDeploymentPostprocessing = 0;
		};
/* End PBXHeadersBuildPhase section */

/* Begin PBXNativeTarget section */
		1800C8C92193C61200BE275F /* MFChatMessage */ = {
			isa = PBXNativeTarget;
			buildConfigurationList = 1800C8DE2193C61200BE275F /* Build configuration list for PBXNativeTarget "MFChatMessage" */;
			buildPhases = (
				85F0F7791AE07C469DC50800 /* [CP] Check Pods Manifest.lock */,
				1800C8C52193C61200BE275F /* Headers */,
				1800C8C62193C61200BE275F /* Sources */,
				1800C8C72193C61200BE275F /* Frameworks */,
				1800C8C82193C61200BE275F /* Resources */,
			);
			buildRules = (
			);
			dependencies = (
			);
			name = MFChatMessage;
			productName = MFChatMessage;
			productReference = 1800C8CA2193C61200BE275F /* MFChatMessage.framework */;
			productType = "com.apple.product-type.framework";
		};
		1800C8D22193C61200BE275F /* MFChatMessageTests */ = {
			isa = PBXNativeTarget;
			buildConfigurationList = 1800C8E12193C61200BE275F /* Build configuration list for PBXNativeTarget "MFChatMessageTests" */;
			buildPhases = (
				80DA4D43D5F1CD4881447BF2 /* [CP] Check Pods Manifest.lock */,
				1800C8CF2193C61200BE275F /* Sources */,
				1800C8D02193C61200BE275F /* Frameworks */,
				1800C8D12193C61200BE275F /* Resources */,
			);
			buildRules = (
			);
			dependencies = (
				1800C8D62193C61200BE275F /* PBXTargetDependency */,
			);
			name = MFChatMessageTests;
			productName = MFChatMessageTests;
			productReference = 1800C8D32193C61200BE275F /* MFChatMessageTests.xctest */;
			productType = "com.apple.product-type.bundle.unit-test";
		};
/* End PBXNativeTarget section */

/* Begin PBXProject section */
		1800C8C12193C61200BE275F /* Project object */ = {
			isa = PBXProject;
			attributes = {
				LastSwiftUpdateCheck = 1000;
				LastUpgradeCheck = 1000;
				ORGANIZATIONNAME = Marcos;
				TargetAttributes = {
					1800C8C92193C61200BE275F = {
						CreatedOnToolsVersion = 10.0;
					};
					1800C8D22193C61200BE275F = {
						CreatedOnToolsVersion = 10.0;
					};
				};
			};
			buildConfigurationList = 1800C8C42193C61200BE275F /* Build configuration list for PBXProject "MFChatMessage" */;
			compatibilityVersion = "Xcode 9.3";
			developmentRegion = en;
			hasScannedForEncodings = 0;
			knownRegions = (
				en,
			);
			mainGroup = 1800C8C02193C61200BE275F;
			productRefGroup = 1800C8CB2193C61200BE275F /* Products */;
			projectDirPath = "";
			projectRoot = "";
			targets = (
				1800C8C92193C61200BE275F /* MFChatMessage */,
				1800C8D22193C61200BE275F /* MFChatMessageTests */,
			);
		};
/* End PBXProject section */

/* Begin PBXResourcesBuildPhase section */
		1800C8C82193C61200BE275F /* Resources */ = {
			isa = PBXResourcesBuildPhase;
			buildActionMask = 2147483647;
			files = (
			);
			runOnlyForDeploymentPostprocessing = 0;
		};
		1800C8D12193C61200BE275F /* Resources */ = {
			isa = PBXResourcesBuildPhase;
			buildActionMask = 2147483647;
			files = (
			);
			runOnlyForDeploymentPostprocessing = 0;
		};
/* End PBXResourcesBuildPhase section */

/* Begin PBXShellScriptBuildPhase section */
		80DA4D43D5F1CD4881447BF2 /* [CP] Check Pods Manifest.lock */ = {
			isa = PBXShellScriptBuildPhase;
			buildActionMask = 2147483647;
			files = (
			);
			inputFileListPaths = (
			);
			inputPaths = (
				"${PODS_PODFILE_DIR_PATH}/Podfile.lock",
				"${PODS_ROOT}/Manifest.lock",
			);
			name = "[CP] Check Pods Manifest.lock";
			outputFileListPaths = (
			);
			outputPaths = (
				"$(DERIVED_FILE_DIR)/Pods-MFChatMessageTests-checkManifestLockResult.txt",
			);
			runOnlyForDeploymentPostprocessing = 0;
			shellPath = /bin/sh;
			shellScript = "diff \"${PODS_PODFILE_DIR_PATH}/Podfile.lock\" \"${PODS_ROOT}/Manifest.lock\" > /dev/null\nif [ $? != 0 ] ; then\n    # print error to STDERR\n    echo \"error: The sandbox is not in sync with the Podfile.lock. Run 'pod install' or update your CocoaPods installation.\" >&2\n    exit 1\nfi\n# This output is used by Xcode 'outputs' to avoid re-running this script phase.\necho \"SUCCESS\" > \"${SCRIPT_OUTPUT_FILE_0}\"\n";
			showEnvVarsInLog = 0;
		};
		85F0F7791AE07C469DC50800 /* [CP] Check Pods Manifest.lock */ = {
			isa = PBXShellScriptBuildPhase;
			buildActionMask = 2147483647;
			files = (
			);
			inputFileListPaths = (
			);
			inputPaths = (
				"${PODS_PODFILE_DIR_PATH}/Podfile.lock",
				"${PODS_ROOT}/Manifest.lock",
			);
			name = "[CP] Check Pods Manifest.lock";
			outputFileListPaths = (
			);
			outputPaths = (
				"$(DERIVED_FILE_DIR)/Pods-MFChatMessage-checkManifestLockResult.txt",
			);
			runOnlyForDeploymentPostprocessing = 0;
			shellPath = /bin/sh;
			shellScript = "diff \"${PODS_PODFILE_DIR_PATH}/Podfile.lock\" \"${PODS_ROOT}/Manifest.lock\" > /dev/null\nif [ $? != 0 ] ; then\n    # print error to STDERR\n    echo \"error: The sandbox is not in sync with the Podfile.lock. Run 'pod install' or update your CocoaPods installation.\" >&2\n    exit 1\nfi\n# This output is used by Xcode 'outputs' to avoid re-running this script phase.\necho \"SUCCESS\" > \"${SCRIPT_OUTPUT_FILE_0}\"\n";
			showEnvVarsInLog = 0;
		};
/* End PBXShellScriptBuildPhase section */

/* Begin PBXSourcesBuildPhase section */
		1800C8C62193C61200BE275F /* Sources */ = {
			isa = PBXSourcesBuildPhase;
			buildActionMask = 2147483647;
			files = (
			);
			runOnlyForDeploymentPostprocessing = 0;
		};
		1800C8CF2193C61200BE275F /* Sources */ = {
			isa = PBXSourcesBuildPhase;
			buildActionMask = 2147483647;
			files = (
				1800C8D92193C61200BE275F /* MFChatMessageTests.swift in Sources */,
			);
			runOnlyForDeploymentPostprocessing = 0;
		};
/* End PBXSourcesBuildPhase section */

/* Begin PBXTargetDependency section */
		1800C8D62193C61200BE275F /* PBXTargetDependency */ = {
			isa = PBXTargetDependency;
			target = 1800C8C92193C61200BE275F /* MFChatMessage */;
			targetProxy = 1800C8D52193C61200BE275F /* PBXContainerItemProxy */;
		};
/* End PBXTargetDependency section */

/* Begin XCBuildConfiguration section */
		1800C8DC2193C61200BE275F /* Debug */ = {
			isa = XCBuildConfiguration;
			buildSettings = {
				ALWAYS_SEARCH_USER_PATHS = NO;
				CLANG_ANALYZER_NONNULL = YES;
				CLANG_ANALYZER_NUMBER_OBJECT_CONVERSION = YES_AGGRESSIVE;
				CLANG_CXX_LANGUAGE_STANDARD = "gnu++14";
				CLANG_CXX_LIBRARY = "libc++";
				CLANG_ENABLE_MODULES = YES;
				CLANG_ENABLE_OBJC_ARC = YES;
				CLANG_ENABLE_OBJC_WEAK = YES;
				CLANG_WARN_BLOCK_CAPTURE_AUTORELEASING = YES;
				CLANG_WARN_BOOL_CONVERSION = YES;
				CLANG_WARN_COMMA = YES;
				CLANG_WARN_CONSTANT_CONVERSION = YES;
				CLANG_WARN_DEPRECATED_OBJC_IMPLEMENTATIONS = YES;
				CLANG_WARN_DIRECT_OBJC_ISA_USAGE = YES_ERROR;
				CLANG_WARN_DOCUMENTATION_COMMENTS = YES;
				CLANG_WARN_EMPTY_BODY = YES;
				CLANG_WARN_ENUM_CONVERSION = YES;
				CLANG_WARN_INFINITE_RECURSION = YES;
				CLANG_WARN_INT_CONVERSION = YES;
				CLANG_WARN_NON_LITERAL_NULL_CONVERSION = YES;
				CLANG_WARN_OBJC_IMPLICIT_RETAIN_SELF = YES;
				CLANG_WARN_OBJC_LITERAL_CONVERSION = YES;
				CLANG_WARN_OBJC_ROOT_CLASS = YES_ERROR;
				CLANG_WARN_RANGE_LOOP_ANALYSIS = YES;
				CLANG_WARN_STRICT_PROTOTYPES = YES;
				CLANG_WARN_SUSPICIOUS_MOVE = YES;
				CLANG_WARN_UNGUARDED_AVAILABILITY = YES_AGGRESSIVE;
				CLANG_WARN_UNREACHABLE_CODE = YES;
				CLANG_WARN__DUPLICATE_METHOD_MATCH = YES;
				CODE_SIGN_IDENTITY = "iPhone Developer";
				COPY_PHASE_STRIP = NO;
				CURRENT_PROJECT_VERSION = 1;
				DEBUG_INFORMATION_FORMAT = dwarf;
				ENABLE_STRICT_OBJC_MSGSEND = YES;
				ENABLE_TESTABILITY = YES;
				GCC_C_LANGUAGE_STANDARD = gnu11;
				GCC_DYNAMIC_NO_PIC = NO;
				GCC_NO_COMMON_BLOCKS = YES;
				GCC_OPTIMIZATION_LEVEL = 0;
				GCC_PREPROCESSOR_DEFINITIONS = (
					"DEBUG=1",
					"$(inherited)",
				);
				GCC_WARN_64_TO_32_BIT_CONVERSION = YES;
				GCC_WARN_ABOUT_RETURN_TYPE = YES_ERROR;
				GCC_WARN_UNDECLARED_SELECTOR = YES;
				GCC_WARN_UNINITIALIZED_AUTOS = YES_AGGRESSIVE;
				GCC_WARN_UNUSED_FUNCTION = YES;
				GCC_WARN_UNUSED_VARIABLE = YES;
				IPHONEOS_DEPLOYMENT_TARGET = 12.0;
				MTL_ENABLE_DEBUG_INFO = INCLUDE_SOURCE;
				MTL_FAST_MATH = YES;
				ONLY_ACTIVE_ARCH = YES;
				SDKROOT = iphoneos;
				SWIFT_ACTIVE_COMPILATION_CONDITIONS = DEBUG;
				SWIFT_OPTIMIZATION_LEVEL = "-Onone";
				VERSIONING_SYSTEM = "apple-generic";
				VERSION_INFO_PREFIX = "";
			};
			name = Debug;
		};
		1800C8DD2193C61200BE275F /* Release */ = {
			isa = XCBuildConfiguration;
			buildSettings = {
				ALWAYS_SEARCH_USER_PATHS = NO;
				CLANG_ANALYZER_NONNULL = YES;
				CLANG_ANALYZER_NUMBER_OBJECT_CONVERSION = YES_AGGRESSIVE;
				CLANG_CXX_LANGUAGE_STANDARD = "gnu++14";
				CLANG_CXX_LIBRARY = "libc++";
				CLANG_ENABLE_MODULES = YES;
				CLANG_ENABLE_OBJC_ARC = YES;
				CLANG_ENABLE_OBJC_WEAK = YES;
				CLANG_WARN_BLOCK_CAPTURE_AUTORELEASING = YES;
				CLANG_WARN_BOOL_CONVERSION = YES;
				CLANG_WARN_COMMA = YES;
				CLANG_WARN_CONSTANT_CONVERSION = YES;
				CLANG_WARN_DEPRECATED_OBJC_IMPLEMENTATIONS = YES;
				CLANG_WARN_DIRECT_OBJC_ISA_USAGE = YES_ERROR;
				CLANG_WARN_DOCUMENTATION_COMMENTS = YES;
				CLANG_WARN_EMPTY_BODY = YES;
				CLANG_WARN_ENUM_CONVERSION = YES;
				CLANG_WARN_INFINITE_RECURSION = YES;
				CLANG_WARN_INT_CONVERSION = YES;
				CLANG_WARN_NON_LITERAL_NULL_CONVERSION = YES;
				CLANG_WARN_OBJC_IMPLICIT_RETAIN_SELF = YES;
				CLANG_WARN_OBJC_LITERAL_CONVERSION = YES;
				CLANG_WARN_OBJC_ROOT_CLASS = YES_ERROR;
				CLANG_WARN_RANGE_LOOP_ANALYSIS = YES;
				CLANG_WARN_STRICT_PROTOTYPES = YES;
				CLANG_WARN_SUSPICIOUS_MOVE = YES;
				CLANG_WARN_UNGUARDED_AVAILABILITY = YES_AGGRESSIVE;
				CLANG_WARN_UNREACHABLE_CODE = YES;
				CLANG_WARN__DUPLICATE_METHOD_MATCH = YES;
				CODE_SIGN_IDENTITY = "iPhone Developer";
				COPY_PHASE_STRIP = NO;
				CURRENT_PROJECT_VERSION = 1;
				DEBUG_INFORMATION_FORMAT = "dwarf-with-dsym";
				ENABLE_NS_ASSERTIONS = NO;
				ENABLE_STRICT_OBJC_MSGSEND = YES;
				GCC_C_LANGUAGE_STANDARD = gnu11;
				GCC_NO_COMMON_BLOCKS = YES;
				GCC_WARN_64_TO_32_BIT_CONVERSION = YES;
				GCC_WARN_ABOUT_RETURN_TYPE = YES_ERROR;
				GCC_WARN_UNDECLARED_SELECTOR = YES;
				GCC_WARN_UNINITIALIZED_AUTOS = YES_AGGRESSIVE;
				GCC_WARN_UNUSED_FUNCTION = YES;
				GCC_WARN_UNUSED_VARIABLE = YES;
				IPHONEOS_DEPLOYMENT_TARGET = 12.0;
				MTL_ENABLE_DEBUG_INFO = NO;
				MTL_FAST_MATH = YES;
				SDKROOT = iphoneos;
				SWIFT_COMPILATION_MODE = wholemodule;
				SWIFT_OPTIMIZATION_LEVEL = "-O";
				VALIDATE_PRODUCT = YES;
				VERSIONING_SYSTEM = "apple-generic";
				VERSION_INFO_PREFIX = "";
			};
			name = Release;
		};
		1800C8DF2193C61200BE275F /* Debug */ = {
			isa = XCBuildConfiguration;
			baseConfigurationReference = 466D2650958D91837EA894ED /* Pods-MFChatMessage.debug.xcconfig */;
			buildSettings = {
				CODE_SIGN_IDENTITY = "";
				CODE_SIGN_STYLE = Automatic;
				DEFINES_MODULE = YES;
				DEVELOPMENT_TEAM = V2686JM7D9;
				DYLIB_COMPATIBILITY_VERSION = 1;
				DYLIB_CURRENT_VERSION = 1;
				DYLIB_INSTALL_NAME_BASE = "@rpath";
				INFOPLIST_FILE = MFChatMessage/Info.plist;
				INSTALL_PATH = "$(LOCAL_LIBRARY_DIR)/Frameworks";
				LD_RUNPATH_SEARCH_PATHS = (
					"$(inherited)",
					"@executable_path/Frameworks",
					"@loader_path/Frameworks",
				);
				PRODUCT_BUNDLE_IDENTIFIER = br.com.mfelipesp.MFChatMessage;
				PRODUCT_NAME = "$(TARGET_NAME:c99extidentifier)";
				SKIP_INSTALL = YES;
				SWIFT_VERSION = 4.2;
				TARGETED_DEVICE_FAMILY = "1,2";
			};
			name = Debug;
		};
		1800C8E02193C61200BE275F /* Release */ = {
			isa = XCBuildConfiguration;
			baseConfigurationReference = 5DC4DB47E82DA0807D1D79F7 /* Pods-MFChatMessage.release.xcconfig */;
			buildSettings = {
				CODE_SIGN_IDENTITY = "";
				CODE_SIGN_STYLE = Automatic;
				DEFINES_MODULE = YES;
				DEVELOPMENT_TEAM = V2686JM7D9;
				DYLIB_COMPATIBILITY_VERSION = 1;
				DYLIB_CURRENT_VERSION = 1;
				DYLIB_INSTALL_NAME_BASE = "@rpath";
				INFOPLIST_FILE = MFChatMessage/Info.plist;
				INSTALL_PATH = "$(LOCAL_LIBRARY_DIR)/Frameworks";
				LD_RUNPATH_SEARCH_PATHS = (
					"$(inherited)",
					"@executable_path/Frameworks",
					"@loader_path/Frameworks",
				);
				PRODUCT_BUNDLE_IDENTIFIER = br.com.mfelipesp.MFChatMessage;
				PRODUCT_NAME = "$(TARGET_NAME:c99extidentifier)";
				SKIP_INSTALL = YES;
				SWIFT_VERSION = 4.2;
				TARGETED_DEVICE_FAMILY = "1,2";
			};
			name = Release;
		};
		1800C8E22193C61200BE275F /* Debug */ = {
			isa = XCBuildConfiguration;
			baseConfigurationReference = 491562FA494C299F0E6184E0 /* Pods-MFChatMessageTests.debug.xcconfig */;
			buildSettings = {
				CODE_SIGN_STYLE = Automatic;
				DEVELOPMENT_TEAM = V2686JM7D9;
				INFOPLIST_FILE = MFChatMessageTests/Info.plist;
				LD_RUNPATH_SEARCH_PATHS = (
					"$(inherited)",
					"@executable_path/Frameworks",
					"@loader_path/Frameworks",
				);
				PRODUCT_BUNDLE_IDENTIFIER = br.com.mfelipesp.MFChatMessageTests;
				PRODUCT_NAME = "$(TARGET_NAME)";
				SWIFT_VERSION = 4.2;
				TARGETED_DEVICE_FAMILY = "1,2";
			};
			name = Debug;
		};
		1800C8E32193C61200BE275F /* Release */ = {
			isa = XCBuildConfiguration;
			baseConfigurationReference = C0C6EACEA06941C3711A253E /* Pods-MFChatMessageTests.release.xcconfig */;
			buildSettings = {
				CODE_SIGN_STYLE = Automatic;
				DEVELOPMENT_TEAM = V2686JM7D9;
				INFOPLIST_FILE = MFChatMessageTests/Info.plist;
				LD_RUNPATH_SEARCH_PATHS = (
					"$(inherited)",
					"@executable_path/Frameworks",
					"@loader_path/Frameworks",
				);
				PRODUCT_BUNDLE_IDENTIFIER = br.com.mfelipesp.MFChatMessageTests;
				PRODUCT_NAME = "$(TARGET_NAME)";
				SWIFT_VERSION = 4.2;
				TARGETED_DEVICE_FAMILY = "1,2";
			};
			name = Release;
		};
/* End XCBuildConfiguration section */

/* Begin XCConfigurationList section */
		1800C8C42193C61200BE275F /* Build configuration list for PBXProject "MFChatMessage" */ = {
			isa = XCConfigurationList;
			buildConfigurations = (
				1800C8DC2193C61200BE275F /* Debug */,
				1800C8DD2193C61200BE275F /* Release */,
			);
			defaultConfigurationIsVisible = 0;
			defaultConfigurationName = Release;
		};
		1800C8DE2193C61200BE275F /* Build configuration list for PBXNativeTarget "MFChatMessage" */ = {
			isa = XCConfigurationList;
			buildConfigurations = (
				1800C8DF2193C61200BE275F /* Debug */,
				1800C8E02193C61200BE275F /* Release */,
			);
			defaultConfigurationIsVisible = 0;
			defaultConfigurationName = Release;
		};
		1800C8E12193C61200BE275F /* Build configuration list for PBXNativeTarget "MFChatMessageTests" */ = {
			isa = XCConfigurationList;
			buildConfigurations = (
				1800C8E22193C61200BE275F /* Debug */,
				1800C8E32193C61200BE275F /* Release */,
			);
			defaultConfigurationIsVisible = 0;
			defaultConfigurationName = Release;
		};
/* End XCConfigurationList section */
	};
	rootObject = 1800C8C12193C61200BE275F /* Project object */;
}
